
Microsoft Visual Studio Solution File, Format Version 12.00
# Visual Studio Version 17
VisualStudioVersion = 17.2.32526.322
MinimumVisualStudioVersion = 10.0.40219.1
Project("{8BC9CEB8-8B4A-11D0-8D11-00A0C91BC942}") = "Flash-Programmer", "Flash-Programmer\Flash-Programmer.vcxproj", "{F9452722-38F1-4448-A190-44663E4E19F9}"
EndProject
Global
	GlobalSection(SolutionConfigurationPlatforms) = preSolution
		Debug|x64 = Debug|x64
		Debug|x86 = Debug|x86
		Release|x64 = Release|x64
		Release|x86 = Release|x86
	EndGlobalSection
	GlobalSection(ProjectConfigurationPlatforms) = postSolution
		{F9452722-38F1-4448-A190-44663E4E19F9}.Debug|x64.ActiveCfg = Debug|x64
		{F9452722-38F1-4448-A190-44663E4E19F9}.Debug|x64.Build.0 = Debug|x64
		{F9452722-38F1-4448-A190-44663E4E19F9}.Debug|x86.ActiveCfg = Debug|Win32
		{F9452722-38F1-4448-A190-44663E4E19F9}.Debug|x86.Build.0 = Debug|Win32
		{F9452722-38F1-4448-A190-44663E4E19F9}.Release|x64.ActiveCfg = Release|x64
		{F9452722-38F1-4448-A190-44663E4E19F9}.Release|x64.Build.0 = Release|x64
		{F9452722-38F1-4448-A190-44663E4E19F9}.Release|x86.ActiveCfg = Release|Win32
		{F9452722-38F1-4448-A190-44663E4E19F9}.Release|x86.Build.0 = Release|Win32
	EndGlobalSection
	GlobalSection(SolutionProperties) = preSolution
		HideSolutionNode = FALSE
	EndGlobalSection
	GlobalSection(ExtensibilityGlobals) = postSolution
		SolutionGuid = {167064B5-755E-4CF5-8F91-3CA2FD4177FA}
	EndGlobalSection
EndGlobal
